version: 1
status: CONFIRMED
user_confirmed_at: "2026-09-05"
visual_thesis: "A figure-led research editorial system where evidence type controls page architecture."
audience_promise: "The audience can follow the paper from clinical phenotype to bounded preclinical direction."
style_input: "Atlas as evidence, not dashboard"
seed: 3109
intended_tokens:
  palette: "#F5F8FA field, #0D3557 navy, #1476B8 cobalt, #08A8B8 cyan, #D28327 orange, #5C8F45 green"
  typography: "Aptos Display titles, Aptos body, Consolas labels"
  decoration: "fine rules, figure captions, restrained evidence markers"
  layout: "12-column editorial grid, 0.72in outer margin, no persistent guide lines"
visual_grammar:
  page_archetypes: [cover, clinical-timeline, study-pipeline, atlas-map, strata-axis, convergent-evidence, mechanism-network, longitudinal-data, preclinical-sequence, engineering-workflow, evidence-ladder, conclusion]
  image_treatment: "paper-white surrounds, cover-fit, meaningful crops only"
  density: "medium-high research density with presentation-readable figures"
deck_rhythm:
  variance: 7
  motion: 2
  density: 6
forbidden_patterns: [repeated-four-card-dashboard, tiny-figure-strips, stretched-images, unsupported-causal-arrows, decorative-stock-science-on-data-pages]
resolved_theme_path: ""
resolved_theme_fingerprint: ""
